<?xml version="1.0" encoding="utf-8"?>
<Project ToolsVersion="4.0" xmlns="http://schemas.microsoft.com/developer/msbuild/2003">
  <ItemGroup>
    <ClCompile Include="game.cpp">
      <Filter>Source Files</Filter>
    </ClCompile>
    <ClCompile Include="Animation.cpp">
      <Filter>Source Files</Filter>
    </ClCompile>
    <ClCompile Include="Helper.cpp">
      <Filter>Source Files</Filter>
    </ClCompile>
    <ClCompile Include="Assets.cpp">
      <Filter>Source Files</Filter>
    </ClCompile>
    <ClCompile Include="Entity.cpp">
      <Filter>Source Files\Entities</Filter>
    </ClCompile>
    <ClCompile Include="surface.cpp">
      <Filter>Source Files\Template</Filter>
    </ClCompile>
    <ClCompile Include="template.cpp">
      <Filter>Source Files\Template</Filter>
    </ClCompile>
    <ClCompile Include="SceneManager.cpp">
      <Filter>Source Files\Scenes</Filter>
    </ClCompile>
    <ClCompile Include="Scene.cpp">
      <Filter>Source Files\Scenes</Filter>
    </ClCompile>
    <ClCompile Include="MenuItem.cpp">
      <Filter>Source Files\Entities\Menu</Filter>
    </ClCompile>
    <ClCompile Include="Input.cpp">
      <Filter>Source Files\Input</Filter>
    </ClCompile>
    <ClCompile Include="InputState.cpp">
      <Filter>Source Files\Input</Filter>
    </ClCompile>
    <ClCompile Include="LevelSelectionScene.cpp">
      <Filter>Source Files\Scenes</Filter>
    </ClCompile>
    <ClCompile Include="Level.cpp" />
    <ClCompile Include="MenuScene.cpp">
      <Filter>Source Files\Scenes</Filter>
    </ClCompile>
    <ClCompile Include="Tile.cpp" />
    <ClCompile Include="EditorScene.cpp">
      <Filter>Source Files\Scenes</Filter>
    </ClCompile>
    <ClCompile Include="GameScene.cpp">
      <Filter>Source Files\Scenes</Filter>
    </ClCompile>
    <ClCompile Include="CameraEntity.cpp">
      <Filter>Source Files\Entities</Filter>
    </ClCompile>
    <ClCompile Include="Player.cpp">
      <Filter>Source Files\Entities</Filter>
    </ClCompile>
    <ClCompile Include="Brick.cpp">
      <Filter>Source Files\Entities\Blocks</Filter>
    </ClCompile>
    <ClCompile Include="CoinCrate.cpp">
      <Filter>Source Files\Entities\Blocks</Filter>
    </ClCompile>
    <ClCompile Include="Coin.cpp">
      <Filter>Source Files\Entities</Filter>
    </ClCompile>
    <ClCompile Include="GravityEntity.cpp">
      <Filter>Source Files\Entities</Filter>
    </ClCompile>
    <ClCompile Include="Mushroom.cpp">
      <Filter>Source Files\Entities</Filter>
    </ClCompile>
    <ClCompile Include="MushroomCrate.cpp">
      <Filter>Source Files\Entities\Blocks</Filter>
    </ClCompile>
    <ClCompile Include="Goomba.cpp">
      <Filter>Source Files\Entities</Filter>
    </ClCompile>
    <ClCompile Include="Koopa.cpp">
      <Filter>Source Files\Entities</Filter>
    </ClCompile>
    <ClCompile Include="CoinBrick.cpp">
      <Filter>Source Files\Entities</Filter>
    </ClCompile>
    <ClCompile Include="Flag.cpp">
      <Filter>Source Files\Entities</Filter>
    </ClCompile>
    <ClCompile Include="PipeIn.cpp">
      <Filter>Source Files\Entities</Filter>
    </ClCompile>
    <ClCompile Include="PipeOut.cpp">
      <Filter>Source Files\Entities</Filter>
    </ClCompile>
    <ClCompile Include="LoadScene.cpp">
      <Filter>Source Files\Scenes</Filter>
    </ClCompile>
    <ClCompile Include="LevelEnd.cpp">
      <Filter>Source Files\Entities</Filter>
    </ClCompile>
    <ClCompile Include="ScoreEntity.cpp">
      <Filter>Source Files\Entities</Filter>
    </ClCompile>
    <ClCompile Include="Fire.cpp">
      <Filter>Source Files\Entities</Filter>
    </ClCompile>
    <ClCompile Include="VineBrick.cpp">
      <Filter>Source Files\Entities\Blocks</Filter>
    </ClCompile>
  </ItemGroup>
  <ItemGroup>
    <ClInclude Include="Animation.h">
      <Filter>Source Files</Filter>
    </ClInclude>
    <ClInclude Include="Assets.h">
      <Filter>Source Files</Filter>
    </ClInclude>
    <ClInclude Include="game.h">
      <Filter>Source Files</Filter>
    </ClInclude>
    <ClInclude Include="Helper.h">
      <Filter>Source Files</Filter>
    </ClInclude>
    <ClInclude Include="Entity.h">
      <Filter>Source Files\Entities</Filter>
    </ClInclude>
    <ClInclude Include="template.h">
      <Filter>Source Files\Template</Filter>
    </ClInclude>
    <ClInclude Include="surface.h">
      <Filter>Source Files\Template</Filter>
    </ClInclude>
    <ClInclude Include="SceneManager.h">
      <Filter>Source Files\Scenes</Filter>
    </ClInclude>
    <ClInclude Include="Scene.h">
      <Filter>Source Files\Scenes</Filter>
    </ClInclude>
    <ClInclude Include="MenuItem.h">
      <Filter>Source Files\Entities\Menu</Filter>
    </ClInclude>
    <ClInclude Include="InputState.h">
      <Filter>Source Files\Input</Filter>
    </ClInclude>
    <ClInclude Include="Input.h">
      <Filter>Source Files\Input</Filter>
    </ClInclude>
    <ClInclude Include="LevelSelectionScene.h">
      <Filter>Source Files\Scenes</Filter>
    </ClInclude>
    <ClInclude Include="Level.h" />
    <ClInclude Include="MenuScene.h">
      <Filter>Source Files\Scenes</Filter>
    </ClInclude>
    <ClInclude Include="Tile.h" />
    <ClInclude Include="EditorScene.h">
      <Filter>Source Files\Scenes</Filter>
    </ClInclude>
    <ClInclude Include="GameScene.h">
      <Filter>Source Files\Scenes</Filter>
    </ClInclude>
    <ClInclude Include="CameraEntity.h">
      <Filter>Source Files\Entities</Filter>
    </ClInclude>
    <ClInclude Include="Player.h">
      <Filter>Source Files\Entities</Filter>
    </ClInclude>
    <ClInclude Include="Brick.h">
      <Filter>Source Files\Entities\Blocks</Filter>
    </ClInclude>
    <ClInclude Include="CoinCrate.h">
      <Filter>Source Files\Entities\Blocks</Filter>
    </ClInclude>
    <ClInclude Include="Coin.h">
      <Filter>Source Files\Entities</Filter>
    </ClInclude>
    <ClInclude Include="GravityEntity.h">
      <Filter>Source Files\Entities</Filter>
    </ClInclude>
    <ClInclude Include="Mushroom.h">
      <Filter>Source Files\Entities</Filter>
    </ClInclude>
    <ClInclude Include="MushroomCrate.h">
      <Filter>Source Files\Entities\Blocks</Filter>
    </ClInclude>
    <ClInclude Include="Goomba.h">
      <Filter>Source Files\Entities</Filter>
    </ClInclude>
    <ClInclude Include="Koopa.h">
      <Filter>Source Files\Entities</Filter>
    </ClInclude>
    <ClInclude Include="Flag.h">
      <Filter>Source Files\Entities</Filter>
    </ClInclude>
    <ClInclude Include="CoinBrick.h">
      <Filter>Source Files\Entities</Filter>
    </ClInclude>
    <ClInclude Include="PipeIn.h">
      <Filter>Source Files\Entities</Filter>
    </ClInclude>
    <ClInclude Include="PipeOut.h">
      <Filter>Source Files\Entities</Filter>
    </ClInclude>
    <ClInclude Include="LoadScene.h">
      <Filter>Source Files\Scenes</Filter>
    </ClInclude>
    <ClInclude Include="ScoreEntity.h">
      <Filter>Source Files\Entities</Filter>
    </ClInclude>
    <ClInclude Include="LevelEnd.h">
      <Filter>Source Files\Entities</Filter>
    </ClInclude>
    <ClInclude Include="Fire.h">
      <Filter>Source Files\Entities</Filter>
    </ClInclude>
    <ClInclude Include="VineBrick.h">
      <Filter>Source Files\Entities\Blocks</Filter>
    </ClInclude>
  </ItemGroup>
  <ItemGroup>
    <Filter Include="Source Files">
      <UniqueIdentifier>{5510dadc-b59d-4cbd-9a06-b892b4ab255a}</UniqueIdentifier>
    </Filter>
    <Filter Include="Source Files\Entities">
      <UniqueIdentifier>{09565b8a-9ec3-4295-9def-8289b812ec0d}</UniqueIdentifier>
    </Filter>
    <Filter Include="Source Files\Template">
      <UniqueIdentifier>{2049b46b-77ec-489d-847f-703bc9eb006a}</UniqueIdentifier>
    </Filter>
    <Filter Include="Source Files\Scenes">
      <UniqueIdentifier>{ac8675fd-6556-48a4-9c22-90debe05b57f}</UniqueIdentifier>
    </Filter>
    <Filter Include="Source Files\Entities\Menu">
      <UniqueIdentifier>{cefe26ca-0300-4d18-b60d-8be3cbf924bc}</UniqueIdentifier>
    </Filter>
    <Filter Include="Source Files\Input">
      <UniqueIdentifier>{9bd1d58b-1afe-426d-baae-e36739c305a3}</UniqueIdentifier>
    </Filter>
    <Filter Include="Source Files\Entities\Blocks">
      <UniqueIdentifier>{d7759c83-2d03-4573-b1b7-a9c379c8bf90}</UniqueIdentifier>
    </Filter>
  </ItemGroup>
</Project>